
Microsoft Visual Studio Solution File, Format Version 12.00
# Visual Studio Version 16
VisualStudioVersion = 16.0.29926.136
MinimumVisualStudioVersion = 10.0.40219.1
Project("{FAE04EC0-301F-11D3-BF4B-00C04F79EFBC}") = "WebApplication8", "WebApplication8\WebApplication8.csproj", "{BAA4C044-6013-40BF-997D-AEA4D4CE84B8}"
EndProject
Global
	GlobalSection(SolutionConfigurationPlatforms) = preSolution
		Debug|Any CPU = Debug|Any CPU
		Release|Any CPU = Release|Any CPU
	EndGlobalSection
	GlobalSection(ProjectConfigurationPlatforms) = postSolution
		{BAA4C044-6013-40BF-997D-AEA4D4CE84B8}.Debug|Any CPU.ActiveCfg = Debug|Any CPU
		{BAA4C044-6013-40BF-997D-AEA4D4CE84B8}.Debug|Any CPU.Build.0 = Debug|Any CPU
		{BAA4C044-6013-40BF-997D-AEA4D4CE84B8}.Release|Any CPU.ActiveCfg = Release|Any CPU
		{BAA4C044-6013-40BF-997D-AEA4D4CE84B8}.Release|Any CPU.Build.0 = Release|Any CPU
	EndGlobalSection
	GlobalSection(SolutionProperties) = preSolution
		HideSolutionNode = FALSE
	EndGlobalSection
	GlobalSection(ExtensibilityGlobals) = postSolution
		SolutionGuid = {9700E7C8-3F27-4863-A3D5-9641DA2D8964}
	EndGlobalSection
EndGlobal
